<?xml version="1.0" encoding="utf-8"?>
<Project ToolsVersion="17.0" xmlns="http://schemas.microsoft.com/developer/msbuild/2003">
  <ItemGroup>
    <ClCompile Include="C:\Users\olexa\Documents\Мій код\Навчання\Університет\2 курс\Додаткові розділи С++\Лабораторні роботи\3 lab\prog\main.cpp">
      <Filter>Source Files</Filter>
    </ClCompile>
    <ClCompile Include="C:\Users\olexa\Documents\Мій код\Навчання\Університет\2 курс\Додаткові розділи С++\Лабораторні роботи\3 lab\prog\Orgraph.cpp">
      <Filter>Source Files</Filter>
    </ClCompile>
  </ItemGroup>
  <ItemGroup>
    <ClInclude Include="C:\Users\olexa\Documents\Мій код\Навчання\Університет\2 курс\Додаткові розділи С++\Лабораторні роботи\3 lab\prog\Orgraph.h">
      <Filter>Header Files</Filter>
    </ClInclude>
  </ItemGroup>
  <ItemGroup>
    <CustomBuild Include="C:\Users\olexa\Documents\Мій код\Навчання\Університет\2 курс\Додаткові розділи С++\Лабораторні роботи\3 lab\prog\CMakeLists.txt" />
  </ItemGroup>
  <ItemGroup>
    <Filter Include="Header Files">
      <UniqueIdentifier>{D70AD09A-8D6B-3A5B-9064-0DBC80BE85E3}</UniqueIdentifier>
    </Filter>
    <Filter Include="Source Files">
      <UniqueIdentifier>{BE04669A-2C1E-38EA-AEC1-695E92126E26}</UniqueIdentifier>
    </Filter>
  </ItemGroup>
</Project>
